
Microsoft Visual Studio Solution File, Format Version 12.00
# Visual Studio Version 17
VisualStudioVersion = 17.13.35825.156 d17.13
MinimumVisualStudioVersion = 10.0.40219.1
Project("{8BC9CEB8-8B4A-11D0-8D11-00A0C91BC942}") = "AllTests", "AllTests\AllTests.vcxproj", "{95A5F8D0-12C0-4AC1-B46B-292DD3886108}"
EndProject
Project("{8BC9CEB8-8B4A-11D0-8D11-00A0C91BC942}") = "ApplicationLib", "ApplicationLib\ApplicationLib.vcxproj", "{348076B9-303C-4FE0-9380-17CDF11134A9}"
EndProject
Global
	GlobalSection(SolutionConfigurationPlatforms) = preSolution
		Debug|Win32 = Debug|Win32
		Debug|x64 = Debug|x64
		Release|Win32 = Release|Win32
		Release|x64 = Release|x64
	EndGlobalSection
	GlobalSection(ProjectConfigurationPlatforms) = postSolution
		{95A5F8D0-12C0-4AC1-B46B-292DD3886108}.Debug|Win32.ActiveCfg = Debug|Win32
		{95A5F8D0-12C0-4AC1-B46B-292DD3886108}.Debug|Win32.Build.0 = Debug|Win32
		{95A5F8D0-12C0-4AC1-B46B-292DD3886108}.Debug|x64.ActiveCfg = Debug|x64
		{95A5F8D0-12C0-4AC1-B46B-292DD3886108}.Debug|x64.Build.0 = Debug|x64
		{95A5F8D0-12C0-4AC1-B46B-292DD3886108}.Release|Win32.ActiveCfg = Release|Win32
		{95A5F8D0-12C0-4AC1-B46B-292DD3886108}.Release|Win32.Build.0 = Release|Win32
		{95A5F8D0-12C0-4AC1-B46B-292DD3886108}.Release|x64.ActiveCfg = Release|x64
		{95A5F8D0-12C0-4AC1-B46B-292DD3886108}.Release|x64.Build.0 = Release|x64
		{348076B9-303C-4FE0-9380-17CDF11134A9}.Debug|Win32.ActiveCfg = Debug|Win32
		{348076B9-303C-4FE0-9380-17CDF11134A9}.Debug|Win32.Build.0 = Debug|Win32
		{348076B9-303C-4FE0-9380-17CDF11134A9}.Debug|x64.ActiveCfg = Debug|x64
		{348076B9-303C-4FE0-9380-17CDF11134A9}.Release|Win32.ActiveCfg = Release|Win32
		{348076B9-303C-4FE0-9380-17CDF11134A9}.Release|Win32.Build.0 = Release|Win32
		{348076B9-303C-4FE0-9380-17CDF11134A9}.Release|x64.ActiveCfg = Release|x64
		{348076B9-303C-4FE0-9380-17CDF11134A9}.Release|x64.Build.0 = Release|x64
	EndGlobalSection
	GlobalSection(SolutionProperties) = preSolution
		HideSolutionNode = FALSE
	EndGlobalSection
	GlobalSection(ExtensibilityGlobals) = postSolution
		SolutionGuid = {5CE3E4BE-2A3A-415A-8388-60CC9146F11F}
	EndGlobalSection
EndGlobal
