<?xml version="1.0" encoding="utf-8"?>
<Project ToolsVersion="4.0" xmlns="http://schemas.microsoft.com/developer/msbuild/2003">
  <ItemGroup>
    <ClCompile Include="AllTests.cpp" />
    <ClCompile Include="Mocks\virtualApiPatternMock.cpp">
      <Filter>Mocks</Filter>
    </ClCompile>
    <ClCompile Include="callbackPatternTests.cpp">
      <Filter>PatternsTests</Filter>
    </ClCompile>
    <ClCompile Include="inheritancePatternTests.cpp">
      <Filter>PatternsTests</Filter>
    </ClCompile>
    <ClCompile Include="objectPatternTests.cpp">
      <Filter>PatternsTests</Filter>
    </ClCompile>
    <ClCompile Include="opaquePatternTests.cpp">
      <Filter>PatternsTests</Filter>
    </ClCompile>
    <ClCompile Include="privatePatternTests.cpp">
      <Filter>PatternsTests</Filter>
    </ClCompile>
    <ClCompile Include="simpleFactoryPatternTests.cpp">
      <Filter>PatternsTests</Filter>
    </ClCompile>
    <ClCompile Include="singletonPatternTests.cpp">
      <Filter>PatternsTests</Filter>
    </ClCompile>
    <ClCompile Include="traitsPatternTests.cpp">
      <Filter>PatternsTests</Filter>
    </ClCompile>
    <ClCompile Include="virtualApiPatternTests.cpp">
      <Filter>PatternsTests</Filter>
    </ClCompile>
    <ClCompile Include="ExampleTests.cpp">
      <Filter>ExamplesTests</Filter>
    </ClCompile>
    <ClCompile Include="linked_listTests.cpp">
      <Filter>ExamplesTests</Filter>
    </ClCompile>
    <ClCompile Include="virtualApiPattern_comm1Tests.cpp">
      <Filter>PatternsTests</Filter>
    </ClCompile>
  </ItemGroup>
  <ItemGroup>
    <Filter Include="Mocks">
      <UniqueIdentifier>{92ab6178-ad4b-460e-b25d-5bd08ff18f56}</UniqueIdentifier>
    </Filter>
    <Filter Include="PatternsTests">
      <UniqueIdentifier>{a09f3d73-5b1c-4ef7-bb73-e5028ba2eecb}</UniqueIdentifier>
    </Filter>
    <Filter Include="ExamplesTests">
      <UniqueIdentifier>{6b0ab4e5-ccd9-4310-9466-71b1e10ca16a}</UniqueIdentifier>
    </Filter>
  </ItemGroup>
  <ItemGroup>
    <ClInclude Include="Mocks\virtualApiPatternMock.h">
      <Filter>Mocks</Filter>
    </ClInclude>
  </ItemGroup>
</Project>