<?xml version="1.0" encoding="utf-8"?>
<Project ToolsVersion="4.0" xmlns="http://schemas.microsoft.com/developer/msbuild/2003">
  <ItemGroup>
    <ClCompile Include="..\..\src\patterns\callbackPattern.c">
      <Filter>patterns</Filter>
    </ClCompile>
    <ClCompile Include="..\..\src\patterns\objectPattern.c">
      <Filter>patterns</Filter>
    </ClCompile>
    <ClCompile Include="..\..\src\patterns\opaquePattern.c">
      <Filter>patterns</Filter>
    </ClCompile>
    <ClCompile Include="..\..\src\patterns\privatePattern.c">
      <Filter>patterns</Filter>
    </ClCompile>
    <ClCompile Include="..\..\src\patterns\sFactoryPattern_circle.c">
      <Filter>patterns</Filter>
    </ClCompile>
    <ClCompile Include="..\..\src\patterns\sFactoryPattern_square.c">
      <Filter>patterns</Filter>
    </ClCompile>
    <ClCompile Include="..\..\src\patterns\simpleFactoryPattern.c">
      <Filter>patterns</Filter>
    </ClCompile>
    <ClCompile Include="..\..\src\patterns\singletonPattern.c">
      <Filter>patterns</Filter>
    </ClCompile>
    <ClCompile Include="..\..\src\examples\linked_list.c">
      <Filter>Examples</Filter>
    </ClCompile>
    <ClCompile Include="..\..\src\patterns\inheritancePattern.c">
      <Filter>patterns</Filter>
    </ClCompile>
    <ClCompile Include="..\..\src\patterns\traitsPattern.c">
      <Filter>patterns</Filter>
    </ClCompile>
    <ClCompile Include="..\..\src\patterns\virtualApiPattern.c">
      <Filter>patterns</Filter>
    </ClCompile>
    <ClCompile Include="..\..\src\examples\virtualApiPattern_comm1.c">
      <Filter>patterns</Filter>
    </ClCompile>
  </ItemGroup>
  <ItemGroup>
    <ClInclude Include="..\..\src\patterns\include\callbackPattern.h">
      <Filter>patterns\inc</Filter>
    </ClInclude>
    <ClInclude Include="..\..\src\patterns\include\common.h">
      <Filter>patterns\inc</Filter>
    </ClInclude>
    <ClInclude Include="..\..\src\patterns\include\objectPattern.h">
      <Filter>patterns\inc</Filter>
    </ClInclude>
    <ClInclude Include="..\..\src\patterns\include\opaquePattern.h">
      <Filter>patterns\inc</Filter>
    </ClInclude>
    <ClInclude Include="..\..\src\patterns\include\privatePattern.h">
      <Filter>patterns\inc</Filter>
    </ClInclude>
    <ClInclude Include="..\..\src\patterns\include\sFactoryPattern_circle.h">
      <Filter>patterns\inc</Filter>
    </ClInclude>
    <ClInclude Include="..\..\src\patterns\include\sFactoryPattern_square.h">
      <Filter>patterns\inc</Filter>
    </ClInclude>
    <ClInclude Include="..\..\src\patterns\include\simpleFactoryPattern.h">
      <Filter>patterns\inc</Filter>
    </ClInclude>
    <ClInclude Include="..\..\src\patterns\include\simpleFactoryPatternPrivate.h">
      <Filter>patterns\inc</Filter>
    </ClInclude>
    <ClInclude Include="..\..\src\patterns\include\singletonPatternPrivate.h">
      <Filter>patterns\inc</Filter>
    </ClInclude>
    <ClInclude Include="..\..\src\patterns\include\singletonPattern.h">
      <Filter>patterns\inc</Filter>
    </ClInclude>
    <ClInclude Include="..\..\src\patterns\include\inheritancePattern.h">
      <Filter>patterns\inc</Filter>
    </ClInclude>
    <ClInclude Include="..\..\src\patterns\include\traitsPattern.h">
      <Filter>patterns\inc</Filter>
    </ClInclude>
    <ClInclude Include="..\..\src\patterns\include\virtualApiPattern_API.h">
      <Filter>patterns\inc</Filter>
    </ClInclude>
    <ClInclude Include="..\..\src\patterns\include\virtualApiPattern.h">
      <Filter>patterns\inc</Filter>
    </ClInclude>
    <ClInclude Include="..\..\src\examples\include\linked_list.h">
      <Filter>Examples\include</Filter>
    </ClInclude>
    <ClInclude Include="..\..\src\examples\include\private_linked_list.h">
      <Filter>Examples\include</Filter>
    </ClInclude>
    <ClInclude Include="..\..\src\examples\include\virtualApiPattern_comm1.h">
      <Filter>patterns\inc</Filter>
    </ClInclude>
  </ItemGroup>
  <ItemGroup>
    <Filter Include="patterns">
      <UniqueIdentifier>{989f3d3c-b5e5-49ba-b4f4-79b8819ffcbc}</UniqueIdentifier>
    </Filter>
    <Filter Include="patterns\inc">
      <UniqueIdentifier>{e4bfe1a4-b726-44dc-95a1-ee117e1ade88}</UniqueIdentifier>
    </Filter>
    <Filter Include="Examples">
      <UniqueIdentifier>{029b1068-c809-4726-b09a-a9ba1dc7d854}</UniqueIdentifier>
    </Filter>
    <Filter Include="Examples\include">
      <UniqueIdentifier>{abae7dd9-9c93-4aea-8990-978ded4f153e}</UniqueIdentifier>
    </Filter>
  </ItemGroup>
</Project>